
Microsoft Visual Studio Solution File, Format Version 12.00
# Visual Studio Version 17
VisualStudioVersion = 17.8.34330.188
MinimumVisualStudioVersion = 10.0.40219.1
Project("{FAE04EC0-301F-11D3-BF4B-00C04F79EFBC}") = "NuClient", "NuClient\NuClient.csproj", "{A19262E2-F496-4F67-8E08-685A078CB225}"
EndProject
Project("{9A19103F-16F7-4668-BE54-9A1E7A4F7556}") = "NubankApp", "NubankApp\NubankApp.csproj", "{56E42A50-24E3-4E72-9127-0723EF0FC945}"
EndProject
Global
	GlobalSection(SolutionConfigurationPlatforms) = preSolution
		Debug|Any CPU = Debug|Any CPU
		Release|Any CPU = Release|Any CPU
	EndGlobalSection
	GlobalSection(ProjectConfigurationPlatforms) = postSolution
		{A19262E2-F496-4F67-8E08-685A078CB225}.Debug|Any CPU.ActiveCfg = Debug|Any CPU
		{A19262E2-F496-4F67-8E08-685A078CB225}.Debug|Any CPU.Build.0 = Debug|Any CPU
		{A19262E2-F496-4F67-8E08-685A078CB225}.Release|Any CPU.ActiveCfg = Release|Any CPU
		{A19262E2-F496-4F67-8E08-685A078CB225}.Release|Any CPU.Build.0 = Release|Any CPU
		{56E42A50-24E3-4E72-9127-0723EF0FC945}.Debug|Any CPU.ActiveCfg = Debug|Any CPU
		{56E42A50-24E3-4E72-9127-0723EF0FC945}.Debug|Any CPU.Build.0 = Debug|Any CPU
		{56E42A50-24E3-4E72-9127-0723EF0FC945}.Release|Any CPU.ActiveCfg = Release|Any CPU
		{56E42A50-24E3-4E72-9127-0723EF0FC945}.Release|Any CPU.Build.0 = Release|Any CPU
	EndGlobalSection
	GlobalSection(SolutionProperties) = preSolution
		HideSolutionNode = FALSE
	EndGlobalSection
	GlobalSection(ExtensibilityGlobals) = postSolution
		SolutionGuid = {2F27E0C0-AA33-41D0-8C21-8ADCDC104F56}
	EndGlobalSection
EndGlobal
